[root]
name = "habitat_net"
version = "0.6.0"
dependencies = [
 "log 0.3.6 (registry+https://github.com/rust-lang/crates.io-index)",
 "protobuf 1.0.20 (registry+https://github.com/rust-lang/crates.io-index)",
 "zmq 0.7.0 (git+https://github.com/reset/rust-zmq.git?branch=habitat)",
]

[[package]]
name = "libc"
version = "0.2.11"
source = "registry+https://github.com/rust-lang/crates.io-index"

[[package]]
name = "log"
version = "0.3.6"
source = "registry+https://github.com/rust-lang/crates.io-index"

[[package]]
name = "pkg-config"
version = "0.3.8"
source = "registry+https://github.com/rust-lang/crates.io-index"

[[package]]
name = "protobuf"
version = "1.0.20"
source = "registry+https://github.com/rust-lang/crates.io-index"

[[package]]
name = "zmq"
version = "0.7.0"
source = "git+https://github.com/reset/rust-zmq.git?branch=habitat#c5e38d28a2d0400ad0a548ef6b50b648f0b4b9ac"
dependencies = [
 "libc 0.2.11 (registry+https://github.com/rust-lang/crates.io-index)",
 "log 0.3.6 (registry+https://github.com/rust-lang/crates.io-index)",
 "zmq-sys 0.7.0 (git+https://github.com/reset/rust-zmq.git?branch=habitat)",
]

[[package]]
name = "zmq-sys"
version = "0.7.0"
source = "git+https://github.com/reset/rust-zmq.git?branch=habitat#c5e38d28a2d0400ad0a548ef6b50b648f0b4b9ac"
dependencies = [
 "libc 0.2.11 (registry+https://github.com/rust-lang/crates.io-index)",
 "pkg-config 0.3.8 (registry+https://github.com/rust-lang/crates.io-index)",
]

