{
  "name": "habitat",
  "version": "0.8.0",
  "dependencies": {
    "@angular/common": {
      "version": "4.0.1",
      "from": "@angular/common@>=4.0.0 <4.1.0",
      "resolved": "https://registry.npmjs.org/@angular/common/-/common-4.0.1.tgz"
    },
    "@angular/compiler": {
      "version": "4.0.1",
      "from": "@angular/compiler@>=4.0.0 <4.1.0",
      "resolved": "https://registry.npmjs.org/@angular/compiler/-/compiler-4.0.1.tgz"
    },
    "@angular/core": {
      "version": "4.0.1",
      "from": "@angular/core@>=4.0.0 <4.1.0",
      "resolved": "https://registry.npmjs.org/@angular/core/-/core-4.0.1.tgz"
    },
    "@angular/forms": {
      "version": "4.0.1",
      "from": "@angular/forms@>=4.0.0 <4.1.0",
      "resolved": "https://registry.npmjs.org/@angular/forms/-/forms-4.0.1.tgz"
    },
    "@angular/http": {
      "version": "4.0.1",
      "from": "@angular/http@>=4.0.0 <4.1.0",
      "resolved": "https://registry.npmjs.org/@angular/http/-/http-4.0.1.tgz"
    },
    "@angular/platform-browser": {
      "version": "4.0.1",
      "from": "@angular/platform-browser@>=4.0.0 <4.1.0",
      "resolved": "https://registry.npmjs.org/@angular/platform-browser/-/platform-browser-4.0.1.tgz"
    },
    "@angular/platform-browser-dynamic": {
      "version": "4.0.1",
      "from": "@angular/platform-browser-dynamic@>=4.0.0 <4.1.0",
      "resolved": "https://registry.npmjs.org/@angular/platform-browser-dynamic/-/platform-browser-dynamic-4.0.1.tgz"
    },
    "@angular/router": {
      "version": "4.0.1",
      "from": "@angular/router@>=4.0.0 <4.1.0",
      "resolved": "https://registry.npmjs.org/@angular/router/-/router-4.0.1.tgz"
    },
    "ansi_up": {
      "version": "1.3.0",
      "from": "ansi_up@>=1.3.0 <2.0.0",
      "resolved": "https://registry.npmjs.org/ansi_up/-/ansi_up-1.3.0.tgz"
    },
    "blueimp-md5": {
      "version": "2.7.0",
      "from": "blueimp-md5@>=2.7.0 <3.0.0",
      "resolved": "https://registry.npmjs.org/blueimp-md5/-/blueimp-md5-2.7.0.tgz"
    },
    "bourbon": {
      "version": "4.3.4",
      "from": "bourbon@>=4.2.6 <5.0.0",
      "resolved": "https://registry.npmjs.org/bourbon/-/bourbon-4.3.4.tgz"
    },
    "bourbon-neat": {
      "version": "1.8.0",
      "from": "bourbon-neat@>=1.7.2 <2.0.0",
      "resolved": "https://registry.npmjs.org/bourbon-neat/-/bourbon-neat-1.8.0.tgz"
    },
    "core-js": {
      "version": "2.4.1",
      "from": "core-js@>=2.4.1 <3.0.0",
      "resolved": "https://registry.npmjs.org/core-js/-/core-js-2.4.1.tgz"
    },
    "immutable": {
      "version": "3.8.1",
      "from": "immutable@>=3.8.1 <4.0.0",
      "resolved": "https://registry.npmjs.org/immutable/-/immutable-3.8.1.tgz"
    },
    "js-cookie": {
      "version": "2.1.4",
      "from": "js-cookie@>=2.1.4 <3.0.0",
      "resolved": "https://registry.npmjs.org/js-cookie/-/js-cookie-2.1.4.tgz"
    },
    "marked": {
      "version": "0.3.6",
      "from": "marked@>=0.3.6 <0.4.0",
      "resolved": "https://registry.npmjs.org/marked/-/marked-0.3.6.tgz"
    },
    "moment": {
      "version": "2.18.1",
      "from": "moment@>=2.18.1 <3.0.0",
      "resolved": "https://registry.npmjs.org/moment/-/moment-2.18.1.tgz"
    },
    "normalize-scss": {
      "version": "4.2.1",
      "from": "normalize-scss@>=4.0.3 <5.0.0",
      "resolved": "https://registry.npmjs.org/normalize-scss/-/normalize-scss-4.2.1.tgz"
    },
    "octicons": {
      "version": "3.5.0",
      "from": "octicons@>=3.5.0 <4.0.0",
      "resolved": "https://registry.npmjs.org/octicons/-/octicons-3.5.0.tgz"
    },
    "parse-link-header": {
      "version": "0.4.1",
      "from": "parse-link-header@>=0.4.1 <0.5.0",
      "resolved": "https://registry.npmjs.org/parse-link-header/-/parse-link-header-0.4.1.tgz",
      "dependencies": {
        "xtend": {
          "version": "4.0.1",
          "from": "xtend@>=4.0.0 <4.1.0",
          "resolved": "https://registry.npmjs.org/xtend/-/xtend-4.0.1.tgz"
        }
      }
    },
    "redux": {
      "version": "3.6.0",
      "from": "redux@>=3.6.0 <4.0.0",
      "resolved": "https://registry.npmjs.org/redux/-/redux-3.6.0.tgz",
      "dependencies": {
        "lodash": {
          "version": "4.17.4",
          "from": "lodash@>=4.2.1 <5.0.0",
          "resolved": "https://registry.npmjs.org/lodash/-/lodash-4.17.4.tgz"
        },
        "lodash-es": {
          "version": "4.17.4",
          "from": "lodash-es@>=4.2.1 <5.0.0",
          "resolved": "https://registry.npmjs.org/lodash-es/-/lodash-es-4.17.4.tgz"
        },
        "loose-envify": {
          "version": "1.3.1",
          "from": "loose-envify@>=1.1.0 <2.0.0",
          "resolved": "https://registry.npmjs.org/loose-envify/-/loose-envify-1.3.1.tgz",
          "dependencies": {
            "js-tokens": {
              "version": "3.0.1",
              "from": "js-tokens@>=3.0.0 <4.0.0",
              "resolved": "https://registry.npmjs.org/js-tokens/-/js-tokens-3.0.1.tgz"
            }
          }
        },
        "symbol-observable": {
          "version": "1.0.4",
          "from": "symbol-observable@>=1.0.2 <2.0.0",
          "resolved": "https://registry.npmjs.org/symbol-observable/-/symbol-observable-1.0.4.tgz"
        }
      }
    },
    "redux-reset": {
      "version": "0.3.0",
      "from": "redux-reset@>=0.3.0 <0.4.0",
      "resolved": "https://registry.npmjs.org/redux-reset/-/redux-reset-0.3.0.tgz"
    },
    "redux-thunk": {
      "version": "2.2.0",
      "from": "redux-thunk@>=2.2.0 <3.0.0",
      "resolved": "https://registry.npmjs.org/redux-thunk/-/redux-thunk-2.2.0.tgz"
    },
    "reflect-metadata": {
      "version": "0.1.10",
      "from": "reflect-metadata@>=0.1.10 <0.2.0",
      "resolved": "https://registry.npmjs.org/reflect-metadata/-/reflect-metadata-0.1.10.tgz"
    },
    "rxjs": {
      "version": "5.0.1",
      "from": "rxjs@5.0.1",
      "resolved": "https://registry.npmjs.org/rxjs/-/rxjs-5.0.1.tgz",
      "dependencies": {
        "symbol-observable": {
          "version": "1.0.4",
          "from": "symbol-observable@>=1.0.1 <2.0.0",
          "resolved": "https://registry.npmjs.org/symbol-observable/-/symbol-observable-1.0.4.tgz"
        }
      }
    },
    "uuid": {
      "version": "3.0.1",
      "from": "uuid@>=3.0.1 <4.0.0",
      "resolved": "https://registry.npmjs.org/uuid/-/uuid-3.0.1.tgz"
    },
    "whatwg-fetch": {
      "version": "2.0.3",
      "from": "whatwg-fetch@>=2.0.3 <3.0.0",
      "resolved": "https://registry.npmjs.org/whatwg-fetch/-/whatwg-fetch-2.0.3.tgz"
    },
    "zone.js": {
      "version": "0.8.5",
      "from": "zone.js@>=0.8.4 <0.9.0",
      "resolved": "https://registry.npmjs.org/zone.js/-/zone.js-0.8.5.tgz"
    }
  }
}
