{
  "name": "habitat",
  "version": "0.8.0",
  "dependencies": {
    "@angular/common": {
      "version": "2.0.0-rc.5",
      "from": "@angular/common@2.0.0-rc.5",
      "resolved": "https://registry.npmjs.org/@angular/common/-/common-2.0.0-rc.5.tgz"
    },
    "@angular/compiler": {
      "version": "2.0.0-rc.5",
      "from": "@angular/compiler@2.0.0-rc.5",
      "resolved": "https://registry.npmjs.org/@angular/compiler/-/compiler-2.0.0-rc.5.tgz"
    },
    "@angular/core": {
      "version": "2.0.0-rc.5",
      "from": "@angular/core@2.0.0-rc.5",
      "resolved": "https://registry.npmjs.org/@angular/core/-/core-2.0.0-rc.5.tgz"
    },
    "@angular/forms": {
      "version": "0.3.0",
      "from": "@angular/forms@0.3.0",
      "resolved": "https://registry.npmjs.org/@angular/forms/-/forms-0.3.0.tgz"
    },
    "@angular/http": {
      "version": "2.0.0-rc.5",
      "from": "@angular/http@2.0.0-rc.5",
      "resolved": "https://registry.npmjs.org/@angular/http/-/http-2.0.0-rc.5.tgz"
    },
    "@angular/platform-browser": {
      "version": "2.0.0-rc.5",
      "from": "@angular/platform-browser@2.0.0-rc.5",
      "resolved": "https://registry.npmjs.org/@angular/platform-browser/-/platform-browser-2.0.0-rc.5.tgz"
    },
    "@angular/platform-browser-dynamic": {
      "version": "2.0.0-rc.5",
      "from": "@angular/platform-browser-dynamic@2.0.0-rc.5",
      "resolved": "https://registry.npmjs.org/@angular/platform-browser-dynamic/-/platform-browser-dynamic-2.0.0-rc.5.tgz"
    },
    "@angular/platform-server": {
      "version": "2.0.0-rc.5",
      "from": "@angular/platform-server@2.0.0-rc.5",
      "resolved": "https://registry.npmjs.org/@angular/platform-server/-/platform-server-2.0.0-rc.5.tgz",
      "dependencies": {
        "parse5": {
          "version": "1.3.2",
          "from": "parse5@1.3.2",
          "resolved": "https://registry.npmjs.org/parse5/-/parse5-1.3.2.tgz"
        }
      }
    },
    "@angular/router": {
      "version": "3.0.0-rc.1",
      "from": "@angular/router@3.0.0-rc.1",
      "resolved": "https://registry.npmjs.org/@angular/router/-/router-3.0.0-rc.1.tgz"
    },
    "@angular/upgrade": {
      "version": "2.0.0-rc.5",
      "from": "@angular/upgrade@2.0.0-rc.5",
      "resolved": "https://registry.npmjs.org/@angular/upgrade/-/upgrade-2.0.0-rc.5.tgz"
    },
    "ansi_up": {
      "version": "1.3.0",
      "from": "ansi_up@>=1.3.0 <2.0.0",
      "resolved": "https://registry.npmjs.org/ansi_up/-/ansi_up-1.3.0.tgz"
    },
    "blueimp-md5": {
      "version": "2.3.1",
      "from": "blueimp-md5@>=2.3.0 <3.0.0",
      "resolved": "https://registry.npmjs.org/blueimp-md5/-/blueimp-md5-2.3.1.tgz"
    },
    "bourbon": {
      "version": "4.2.7",
      "from": "bourbon@>=4.2.6 <5.0.0",
      "resolved": "https://registry.npmjs.org/bourbon/-/bourbon-4.2.7.tgz"
    },
    "bourbon-neat": {
      "version": "1.8.0",
      "from": "bourbon-neat@>=1.7.2 <2.0.0",
      "resolved": "https://registry.npmjs.org/bourbon-neat/-/bourbon-neat-1.8.0.tgz"
    },
    "core-js": {
      "version": "2.4.1",
      "from": "core-js@>=2.4.1 <3.0.0",
      "resolved": "https://registry.npmjs.org/core-js/-/core-js-2.4.1.tgz"
    },
    "immutable": {
      "version": "3.8.1",
      "from": "immutable@>=3.7.6 <4.0.0",
      "resolved": "https://registry.npmjs.org/immutable/-/immutable-3.8.1.tgz"
    },
    "js-cookie": {
      "version": "2.1.3",
      "from": "js-cookie@>=2.1.2 <3.0.0",
      "resolved": "https://registry.npmjs.org/js-cookie/-/js-cookie-2.1.3.tgz"
    },
    "marked": {
      "version": "0.3.6",
      "from": "marked@>=0.3.5 <0.4.0",
      "resolved": "https://registry.npmjs.org/marked/-/marked-0.3.6.tgz"
    },
    "moment": {
      "version": "2.15.0",
      "from": "moment@>=2.11.2 <3.0.0",
      "resolved": "https://registry.npmjs.org/moment/-/moment-2.15.0.tgz"
    },
    "node-uuid": {
      "version": "1.4.7",
      "from": "node-uuid@>=1.4.7 <2.0.0",
      "resolved": "https://registry.npmjs.org/node-uuid/-/node-uuid-1.4.7.tgz"
    },
    "normalize-scss": {
      "version": "4.2.1",
      "from": "normalize-scss@>=4.0.3 <5.0.0",
      "resolved": "https://registry.npmjs.org/normalize-scss/-/normalize-scss-4.2.1.tgz"
    },
    "octicons": {
      "version": "3.5.0",
      "from": "octicons@>=3.5.0 <4.0.0",
      "resolved": "https://registry.npmjs.org/octicons/-/octicons-3.5.0.tgz"
    },
    "parse-link-header": {
      "version": "0.4.1",
      "from": "parse-link-header@>=0.4.1 <0.5.0",
      "resolved": "https://registry.npmjs.org/parse-link-header/-/parse-link-header-0.4.1.tgz",
      "dependencies": {
        "xtend": {
          "version": "4.0.1",
          "from": "xtend@>=4.0.0 <4.1.0",
          "resolved": "https://registry.npmjs.org/xtend/-/xtend-4.0.1.tgz"
        }
      }
    },
    "redux": {
      "version": "3.6.0",
      "from": "redux@>=3.0.5 <4.0.0",
      "resolved": "https://registry.npmjs.org/redux/-/redux-3.6.0.tgz",
      "dependencies": {
        "lodash": {
          "version": "4.15.0",
          "from": "lodash@>=4.2.1 <5.0.0",
          "resolved": "https://registry.npmjs.org/lodash/-/lodash-4.15.0.tgz"
        },
        "lodash-es": {
          "version": "4.15.0",
          "from": "lodash-es@>=4.2.1 <5.0.0",
          "resolved": "https://registry.npmjs.org/lodash-es/-/lodash-es-4.15.0.tgz"
        },
        "loose-envify": {
          "version": "1.2.0",
          "from": "loose-envify@>=1.1.0 <2.0.0",
          "resolved": "https://registry.npmjs.org/loose-envify/-/loose-envify-1.2.0.tgz",
          "dependencies": {
            "js-tokens": {
              "version": "1.0.3",
              "from": "js-tokens@>=1.0.1 <2.0.0",
              "resolved": "https://registry.npmjs.org/js-tokens/-/js-tokens-1.0.3.tgz"
            }
          }
        }
      }
    },
    "redux-reset": {
      "version": "0.1.3",
      "from": "redux-reset@>=0.1.3 <0.2.0",
      "resolved": "https://registry.npmjs.org/redux-reset/-/redux-reset-0.1.3.tgz"
    },
    "redux-thunk": {
      "version": "2.1.0",
      "from": "redux-thunk@>=2.1.0 <3.0.0",
      "resolved": "https://registry.npmjs.org/redux-thunk/-/redux-thunk-2.1.0.tgz"
    },
    "reflect-metadata": {
      "version": "0.1.8",
      "from": "reflect-metadata@>=0.1.8 <0.2.0",
      "resolved": "https://registry.npmjs.org/reflect-metadata/-/reflect-metadata-0.1.8.tgz"
    },
    "rxjs": {
      "version": "5.0.0-beta.6",
      "from": "rxjs@5.0.0-beta.6",
      "resolved": "https://registry.npmjs.org/rxjs/-/rxjs-5.0.0-beta.6.tgz"
    },
    "symbol-observable": {
      "version": "1.0.2",
      "from": "symbol-observable@>=1.0.1 <2.0.0",
      "resolved": "https://registry.npmjs.org/symbol-observable/-/symbol-observable-1.0.2.tgz"
    },
    "typescript": {
      "version": "1.8.10",
      "from": "typescript@>=1.8.10 <2.0.0",
      "resolved": "https://registry.npmjs.org/typescript/-/typescript-1.8.10.tgz"
    },
    "whatwg-fetch": {
      "version": "0.11.1",
      "from": "whatwg-fetch@>=0.11.0 <0.12.0",
      "resolved": "https://registry.npmjs.org/whatwg-fetch/-/whatwg-fetch-0.11.1.tgz"
    },
    "zone.js": {
      "version": "0.6.21",
      "from": "zone.js@>=0.6.12 <0.7.0",
      "resolved": "https://registry.npmjs.org/zone.js/-/zone.js-0.6.21.tgz"
    }
  }
}
