github.com/chef/automate/components/docs-chef-io v0.0.0-20200818170249-1eda52f5a786 h1:zncKlLHvv6d8G3MZB2/rPOgzYgX4QgszeIxqlvdyAyk=
github.com/chef/automate/components/docs-chef-io v0.0.0-20200818170249-1eda52f5a786/go.mod h1:juvLC7Rt33YOCgJ5nnfl4rWZRAbSwqjTbWmcAoA0LtU=
github.com/chef/chef-workstation v0.0.0-20200818222739-0ff46be846db h1:GRhs6XLeojnbER9H81stuC7uIflLCskZyvYOvpUndTk=
github.com/chef/chef-workstation/www v0.0.0-20200805001253-17ffc16b0146 h1:L8bW+IWId1KoUiOqtGooqMGeJfgefhRzG9mmVRQVmQ8=
github.com/chef/chef-workstation/www v0.0.0-20200805001253-17ffc16b0146/go.mod h1:rktT78z3KaWu7A+wf1g6KmYszrwn6Y3o3IFlTg8OpQg=
github.com/chef/chef-workstation/www v0.0.0-20200818222739-0ff46be846db h1:8pwOE+5kMtmKscGgG9xV0hcbiB07IQIn7sIOzUDXnv4=
github.com/chef/chef-workstation/www v0.0.0-20200818222739-0ff46be846db/go.mod h1:rktT78z3KaWu7A+wf1g6KmYszrwn6Y3o3IFlTg8OpQg=
github.com/chef/desktop-config/docs v0.0.0-20200812014916-cac26cf98c63 h1:daMv1kxrR9jgr4/SS/qaXaBD8+7TMMkDDXEcTaeE0qk=
github.com/chef/desktop-config/docs v0.0.0-20200812014916-cac26cf98c63/go.mod h1:B9QAfsJHmMQ6yIgsvQ4uG7f98HVPMjRGO8VuSFN4A9Q=
github.com/chef/effortless/effortless-chef-io v0.0.0-20200605204203-daaeab90dcdd h1:Q8CMHE3SRbHuKIJ2w4mRR3arJsm9gNWapHzlpqOPAQc=
github.com/chef/effortless/effortless-chef-io v0.0.0-20200605204203-daaeab90dcdd/go.mod h1:quhPGE10kqa8SPVygK8sqFwdlH6LyWa40ecQnNjiuXw=
github.com/inspec/inspec/www v0.0.0-20200805143255-679ddd1ee893 h1:uEt4xG/BG3dihP+ZfJazPR+DcEPySR8KPtjGBWNKRBI=
github.com/inspec/inspec/www v0.0.0-20200805143255-679ddd1ee893/go.mod h1:isl/Svs5d7iVDAgZhmWmb7GpTaR7o7GoeChJuxL9KeI=
